
Microsoft Visual Studio Solution File, Format Version 12.00
# Visual Studio 2012
Project("{FAE04EC0-301F-11D3-BF4B-00C04F79EFBC}") = "CardinalToOrdinalConversion", "CardinalToOrdinalConversion\CardinalToOrdinalConversion.csproj", "{93B4144B-57F0-4C6B-98B5-7197A751FC0C}"
EndProject
Project("{FAE04EC0-301F-11D3-BF4B-00C04F79EFBC}") = "CardinalToOrdinalConversion.Tests", "CardinalToOrdinalConversion.Tests\CardinalToOrdinalConversion.Tests.csproj", "{CBB77363-3BC7-470B-A970-F878A467472A}"
EndProject
Project("{2150E333-8FDC-42A3-9474-1A3956D46DE8}") = ".nuget", ".nuget", "{9BBB8D75-39D6-4371-AFA2-FFCE617FAD98}"
	ProjectSection(SolutionItems) = preProject
		.nuget\packages.config = .nuget\packages.config
	EndProjectSection
EndProject
Project("{2150E333-8FDC-42A3-9474-1A3956D46DE8}") = "Solution Items", "Solution Items", "{4BE11352-9965-40C2-9C27-07F418F4BAB3}"
	ProjectSection(SolutionItems) = preProject
		README.txt = README.txt
	EndProjectSection
EndProject
Global
	GlobalSection(SolutionConfigurationPlatforms) = preSolution
		Debug|Any CPU = Debug|Any CPU
		Release|Any CPU = Release|Any CPU
	EndGlobalSection
	GlobalSection(ProjectConfigurationPlatforms) = postSolution
		{93B4144B-57F0-4C6B-98B5-7197A751FC0C}.Debug|Any CPU.ActiveCfg = Debug|Any CPU
		{93B4144B-57F0-4C6B-98B5-7197A751FC0C}.Debug|Any CPU.Build.0 = Debug|Any CPU
		{93B4144B-57F0-4C6B-98B5-7197A751FC0C}.Release|Any CPU.ActiveCfg = Release|Any CPU
		{93B4144B-57F0-4C6B-98B5-7197A751FC0C}.Release|Any CPU.Build.0 = Release|Any CPU
		{CBB77363-3BC7-470B-A970-F878A467472A}.Debug|Any CPU.ActiveCfg = Debug|Any CPU
		{CBB77363-3BC7-470B-A970-F878A467472A}.Debug|Any CPU.Build.0 = Debug|Any CPU
		{CBB77363-3BC7-470B-A970-F878A467472A}.Release|Any CPU.ActiveCfg = Release|Any CPU
		{CBB77363-3BC7-470B-A970-F878A467472A}.Release|Any CPU.Build.0 = Release|Any CPU
	EndGlobalSection
	GlobalSection(SolutionProperties) = preSolution
		HideSolutionNode = FALSE
	EndGlobalSection
EndGlobal
